
Microsoft Visual Studio Solution File, Format Version 12.00
# Visual Studio 15
VisualStudioVersion = 15.0.28010.2016
MinimumVisualStudioVersion = 10.0.40219.1
Project("{FAE04EC0-301F-11D3-BF4B-00C04F79EFBC}") = "ASPNETMVC_ECommerce_3.Domain", "ASPNETMVC_ECommerce_3.Domain\ASPNETMVC_ECommerce_3.Domain.csproj", "{7C5D2AF8-0D01-4119-A14A-74CA8D7163F1}"
EndProject
Project("{FAE04EC0-301F-11D3-BF4B-00C04F79EFBC}") = "ASPNETMVC_ECommerce_3.WebUI", "ASPNETMVC_ECommerce_3.WebUI\ASPNETMVC_ECommerce_3.WebUI.csproj", "{11191433-BC55-4AF5-B698-7B49386E3742}"
EndProject
Global
	GlobalSection(SolutionConfigurationPlatforms) = preSolution
		Debug|Any CPU = Debug|Any CPU
		Release|Any CPU = Release|Any CPU
	EndGlobalSection
	GlobalSection(ProjectConfigurationPlatforms) = postSolution
		{7C5D2AF8-0D01-4119-A14A-74CA8D7163F1}.Debug|Any CPU.ActiveCfg = Debug|Any CPU
		{7C5D2AF8-0D01-4119-A14A-74CA8D7163F1}.Debug|Any CPU.Build.0 = Debug|Any CPU
		{7C5D2AF8-0D01-4119-A14A-74CA8D7163F1}.Release|Any CPU.ActiveCfg = Release|Any CPU
		{7C5D2AF8-0D01-4119-A14A-74CA8D7163F1}.Release|Any CPU.Build.0 = Release|Any CPU
		{11191433-BC55-4AF5-B698-7B49386E3742}.Debug|Any CPU.ActiveCfg = Debug|Any CPU
		{11191433-BC55-4AF5-B698-7B49386E3742}.Debug|Any CPU.Build.0 = Debug|Any CPU
		{11191433-BC55-4AF5-B698-7B49386E3742}.Release|Any CPU.ActiveCfg = Release|Any CPU
		{11191433-BC55-4AF5-B698-7B49386E3742}.Release|Any CPU.Build.0 = Release|Any CPU
	EndGlobalSection
	GlobalSection(SolutionProperties) = preSolution
		HideSolutionNode = FALSE
	EndGlobalSection
	GlobalSection(ExtensibilityGlobals) = postSolution
		SolutionGuid = {7426D98E-BFC8-416D-91BE-089C7513810B}
	EndGlobalSection
EndGlobal
